
Microsoft Visual Studio Solution File, Format Version 12.00
# Visual Studio Version 17
VisualStudioVersion = 17.10.35013.160
MinimumVisualStudioVersion = 10.0.40219.1
Project("{FAE04EC0-301F-11D3-BF4B-00C04F79EFBC}") = "Main Screen", "Main Screen\Main Screen.csproj", "{9267912F-DA27-4A6F-8F0A-B2AE3DB8AEC6}"
EndProject
Global
	GlobalSection(SolutionConfigurationPlatforms) = preSolution
		Debug|Any CPU = Debug|Any CPU
		Release|Any CPU = Release|Any CPU
	EndGlobalSection
	GlobalSection(ProjectConfigurationPlatforms) = postSolution
		{9267912F-DA27-4A6F-8F0A-B2AE3DB8AEC6}.Debug|Any CPU.ActiveCfg = Debug|Any CPU
		{9267912F-DA27-4A6F-8F0A-B2AE3DB8AEC6}.Debug|Any CPU.Build.0 = Debug|Any CPU
		{9267912F-DA27-4A6F-8F0A-B2AE3DB8AEC6}.Release|Any CPU.ActiveCfg = Release|Any CPU
		{9267912F-DA27-4A6F-8F0A-B2AE3DB8AEC6}.Release|Any CPU.Build.0 = Release|Any CPU
	EndGlobalSection
	GlobalSection(SolutionProperties) = preSolution
		HideSolutionNode = FALSE
	EndGlobalSection
	GlobalSection(ExtensibilityGlobals) = postSolution
		SolutionGuid = {460E3097-B44A-4429-AE83-72A6E005C8E9}
	EndGlobalSection
EndGlobal
